<?xml version="1.0" encoding="utf-8"?>
<Project ToolsVersion="4.0" xmlns="http://schemas.microsoft.com/developer/msbuild/2003">
  <ItemGroup>
    <Filter Include="Source Files">
      <UniqueIdentifier>{4FC737F1-C7A5-4376-A066-2A32D752A2FF}</UniqueIdentifier>
      <Extensions>cpp;c;cc;cxx;def;odl;idl;hpj;bat;asm;asmx</Extensions>
    </Filter>
    <Filter Include="Header Files">
      <UniqueIdentifier>{93995380-89BD-4b04-88EB-625FBE52EBFB}</UniqueIdentifier>
      <Extensions>h;hh;hpp;hxx;hm;inl;inc;ipp;xsd</Extensions>
    </Filter>
    <Filter Include="Resource Files">
      <UniqueIdentifier>{67DA6AB6-F800-4c08-8B7A-83BB121AAD01}</UniqueIdentifier>
      <Extensions>rc;ico;cur;bmp;dlg;rc2;rct;bin;rgs;gif;jpg;jpeg;jpe;resx;tiff;tif;png;wav;mfcribbon-ms</Extensions>
    </Filter>
    <Filter Include="Game">
      <UniqueIdentifier>{e6b25a64-142c-4bf8-93ad-cc326576547e}</UniqueIdentifier>
    </Filter>
    <Filter Include="Game\GameObjects">
      <UniqueIdentifier>{34f762c9-4558-43f2-b360-3f42e4e72378}</UniqueIdentifier>
    </Filter>
    <Filter Include="Game\GameComponents">
      <UniqueIdentifier>{6271f47b-0ea6-40d6-9027-90cd209c3884}</UniqueIdentifier>
    </Filter>
    <Filter Include="Game\Header Files">
      <UniqueIdentifier>{a0f92cbc-338d-4742-bccd-d2f9aa1497a7}</UniqueIdentifier>
    </Filter>
  </ItemGroup>
  <ItemGroup>
    <ClCompile Include="Game.cpp">
      <Filter>Game</Filter>
    </ClCompile>
    <ClCompile Include="main.cpp">
      <Filter>Game</Filter>
    </ClCompile>
    <ClCompile Include="BackgroundImage.cpp">
      <Filter>Game\GameObjects</Filter>
    </ClCompile>
    <ClCompile Include="Box.cpp">
      <Filter>Game\GameObjects</Filter>
    </ClCompile>
    <ClCompile Include="Wall.cpp">
      <Filter>Game\GameObjects</Filter>
    </ClCompile>
    <ClCompile Include="Player.cpp">
      <Filter>Game\GameObjects</Filter>
    </ClCompile>
    <ClCompile Include="HighScore.cpp">
      <Filter>Game\GameObjects</Filter>
    </ClCompile>
    <ClCompile Include="Ground.cpp">
      <Filter>Game\GameObjects</Filter>
    </ClCompile>
    <ClCompile Include="Enemy.cpp">
      <Filter>Game\GameObjects</Filter>
    </ClCompile>
    <ClCompile Include="HealthComponent.cpp">
      <Filter>Game\GameComponents</Filter>
    </ClCompile>
    <ClCompile Include="BubbleBullet.cpp">
      <Filter>Game\GameObjects</Filter>
    </ClCompile>
    <ClCompile Include="GameInfo.cpp">
      <Filter>Game</Filter>
    </ClCompile>
    <ClCompile Include="SceneTimer.cpp">
      <Filter>Game\GameObjects</Filter>
    </ClCompile>
    <ClCompile Include="EnemyManager.cpp">
      <Filter>Game\GameObjects</Filter>
    </ClCompile>
  </ItemGroup>
  <ItemGroup>
    <ClInclude Include="Game.h">
      <Filter>Game</Filter>
    </ClInclude>
    <ClInclude Include="BackgroundImage.h">
      <Filter>Game\GameObjects</Filter>
    </ClInclude>
    <ClInclude Include="Box.h">
      <Filter>Game\GameObjects</Filter>
    </ClInclude>
    <ClInclude Include="Wall.h">
      <Filter>Game\GameObjects</Filter>
    </ClInclude>
    <ClInclude Include="Player.h">
      <Filter>Game\GameObjects</Filter>
    </ClInclude>
    <ClInclude Include="HighScore.h">
      <Filter>Game\GameObjects</Filter>
    </ClInclude>
    <ClInclude Include="Ground.h">
      <Filter>Game\GameObjects</Filter>
    </ClInclude>
    <ClInclude Include="Enemy.h">
      <Filter>Game\GameObjects</Filter>
    </ClInclude>
    <ClInclude Include="HealthComponent.h">
      <Filter>Game\GameComponents</Filter>
    </ClInclude>
    <ClInclude Include="EngineComponents.h">
      <Filter>Game\Header Files</Filter>
    </ClInclude>
    <ClInclude Include="GameComponents.h">
      <Filter>Game\Header Files</Filter>
    </ClInclude>
    <ClInclude Include="Headers.h">
      <Filter>Game\Header Files</Filter>
    </ClInclude>
    <ClInclude Include="BubbleBullet.h">
      <Filter>Game\GameObjects</Filter>
    </ClInclude>
    <ClInclude Include="GameInfo.h">
      <Filter>Game</Filter>
    </ClInclude>
    <ClInclude Include="SceneTimer.h">
      <Filter>Game\GameObjects</Filter>
    </ClInclude>
    <ClInclude Include="EnemyManager.h">
      <Filter>Game\GameObjects</Filter>
    </ClInclude>
  </ItemGroup>
</Project>