<?xml version="1.0" encoding="utf-8"?>
<Project ToolsVersion="4.0" xmlns="http://schemas.microsoft.com/developer/msbuild/2003">
  <ItemGroup>
    <Filter Include="Source Files">
      <UniqueIdentifier>{4FC737F1-C7A5-4376-A066-2A32D752A2FF}</UniqueIdentifier>
      <Extensions>cpp;c;cc;cxx;def;odl;idl;hpj;bat;asm;asmx</Extensions>
    </Filter>
    <Filter Include="Header Files">
      <UniqueIdentifier>{93995380-89BD-4b04-88EB-625FBE52EBFB}</UniqueIdentifier>
      <Extensions>h;hh;hpp;hxx;hm;inl;inc;xsd</Extensions>
    </Filter>
    <Filter Include="Resource Files">
      <UniqueIdentifier>{67DA6AB6-F800-4c08-8B7A-83BB121AAD01}</UniqueIdentifier>
      <Extensions>rc;ico;cur;bmp;dlg;rc2;rct;bin;rgs;gif;jpg;jpeg;jpe;resx;tiff;tif;png;wav;mfcribbon-ms</Extensions>
    </Filter>
    <Filter Include="Engine">
      <UniqueIdentifier>{b1bea7ef-cd7b-480a-a214-bc9289167e2d}</UniqueIdentifier>
    </Filter>
    <Filter Include="Engine\Minigin">
      <UniqueIdentifier>{0bb829ea-844e-4ed2-9408-64b0bae3e3f2}</UniqueIdentifier>
    </Filter>
    <Filter Include="Engine\AlphaEngine">
      <UniqueIdentifier>{4533820b-847e-4ec0-a931-503d21d0c2d0}</UniqueIdentifier>
    </Filter>
    <Filter Include="Engine\AlphaEngine\Components">
      <UniqueIdentifier>{39e2d30b-f5d7-494d-b705-058f4430480b}</UniqueIdentifier>
    </Filter>
    <Filter Include="Engine\AlphaEngine\SceneObjects">
      <UniqueIdentifier>{b9505544-e5e0-4f0b-98a5-92c0981771ba}</UniqueIdentifier>
    </Filter>
    <Filter Include="Engine\AlphaEngine\Design Patterns">
      <UniqueIdentifier>{fbc7e395-53f6-49a9-bdaf-823876f61e6c}</UniqueIdentifier>
    </Filter>
    <Filter Include="Engine\AlphaEngine\Other Classes">
      <UniqueIdentifier>{6f0e5f86-6142-48a7-9eb1-d2d2aef5ceab}</UniqueIdentifier>
    </Filter>
  </ItemGroup>
  <ItemGroup>
    <ClInclude Include="Font.h">
      <Filter>Engine\Minigin</Filter>
    </ClInclude>
    <ClInclude Include="GameObject.h">
      <Filter>Engine\Minigin</Filter>
    </ClInclude>
    <ClInclude Include="InputManager.h">
      <Filter>Engine\Minigin</Filter>
    </ClInclude>
    <ClInclude Include="Minigin.h">
      <Filter>Engine\Minigin</Filter>
    </ClInclude>
    <ClInclude Include="MiniginPCH.h">
      <Filter>Engine\Minigin</Filter>
    </ClInclude>
    <ClInclude Include="Renderer.h">
      <Filter>Engine\Minigin</Filter>
    </ClInclude>
    <ClInclude Include="ResourceManager.h">
      <Filter>Engine\Minigin</Filter>
    </ClInclude>
    <ClInclude Include="Scene.h">
      <Filter>Engine\Minigin</Filter>
    </ClInclude>
    <ClInclude Include="SceneManager.h">
      <Filter>Engine\Minigin</Filter>
    </ClInclude>
    <ClInclude Include="SceneObject.h">
      <Filter>Engine\Minigin</Filter>
    </ClInclude>
    <ClInclude Include="TextObject.h">
      <Filter>Engine\Minigin</Filter>
    </ClInclude>
    <ClInclude Include="Texture2D.h">
      <Filter>Engine\Minigin</Filter>
    </ClInclude>
    <ClInclude Include="Transform.h">
      <Filter>Engine\Minigin</Filter>
    </ClInclude>
    <ClInclude Include="ObjectComponent.h">
      <Filter>Engine\AlphaEngine\Components</Filter>
    </ClInclude>
    <ClInclude Include="Time.h">
      <Filter>Engine\AlphaEngine\Design Patterns</Filter>
    </ClInclude>
    <ClInclude Include="Singleton.h">
      <Filter>Engine\AlphaEngine\Design Patterns</Filter>
    </ClInclude>
    <ClInclude Include="ImageComponent.h">
      <Filter>Engine\AlphaEngine\Components</Filter>
    </ClInclude>
    <ClInclude Include="RigidBody2D.h">
      <Filter>Engine\AlphaEngine\Components</Filter>
    </ClInclude>
    <ClInclude Include="TagComponent.h">
      <Filter>Engine\AlphaEngine\Components</Filter>
    </ClInclude>
    <ClInclude Include="SpriteComponent.h">
      <Filter>Engine\AlphaEngine\Components</Filter>
    </ClInclude>
    <ClInclude Include="TextComponent.h">
      <Filter>Engine\AlphaEngine\Components</Filter>
    </ClInclude>
    <ClInclude Include="BoxCollider.h">
      <Filter>Engine\AlphaEngine\Components</Filter>
    </ClInclude>
    <ClInclude Include="BoxTrigger.h">
      <Filter>Engine\AlphaEngine\Components</Filter>
    </ClInclude>
    <ClInclude Include="LocalTransform.h">
      <Filter>Engine\AlphaEngine\Other Classes</Filter>
    </ClInclude>
    <ClInclude Include="CollisionData.h">
      <Filter>Engine\AlphaEngine\Other Classes</Filter>
    </ClInclude>
    <ClInclude Include="CollisionManager.h">
      <Filter>Engine\AlphaEngine\Design Patterns</Filter>
    </ClInclude>
    <ClInclude Include="StateMachineComponent.h">
      <Filter>Engine\AlphaEngine\Components</Filter>
    </ClInclude>
    <ClInclude Include="AnimatorComponent.h">
      <Filter>Engine\AlphaEngine\Components</Filter>
    </ClInclude>
    <ClInclude Include="Command.h">
      <Filter>Engine\AlphaEngine\Other Classes</Filter>
    </ClInclude>
    <ClInclude Include="Button.h">
      <Filter>Engine\AlphaEngine\Other Classes</Filter>
    </ClInclude>
    <ClInclude Include="Observer.h">
      <Filter>Engine\AlphaEngine\Design Patterns</Filter>
    </ClInclude>
    <ClInclude Include="SoundEffect.h">
      <Filter>Engine\AlphaEngine\Other Classes</Filter>
    </ClInclude>
    <ClInclude Include="AudioManager.h">
      <Filter>Engine\AlphaEngine\Other Classes</Filter>
    </ClInclude>
  </ItemGroup>
  <ItemGroup>
    <ClCompile Include="Font.cpp">
      <Filter>Engine\Minigin</Filter>
    </ClCompile>
    <ClCompile Include="GameObject.cpp">
      <Filter>Engine\Minigin</Filter>
    </ClCompile>
    <ClCompile Include="InputManager.cpp">
      <Filter>Engine\Minigin</Filter>
    </ClCompile>
    <ClCompile Include="Minigin.cpp">
      <Filter>Engine\Minigin</Filter>
    </ClCompile>
    <ClCompile Include="MiniginPCH.cpp">
      <Filter>Engine\Minigin</Filter>
    </ClCompile>
    <ClCompile Include="Renderer.cpp">
      <Filter>Engine\Minigin</Filter>
    </ClCompile>
    <ClCompile Include="ResourceManager.cpp">
      <Filter>Engine\Minigin</Filter>
    </ClCompile>
    <ClCompile Include="Scene.cpp">
      <Filter>Engine\Minigin</Filter>
    </ClCompile>
    <ClCompile Include="SceneManager.cpp">
      <Filter>Engine\Minigin</Filter>
    </ClCompile>
    <ClCompile Include="TextObject.cpp">
      <Filter>Engine\Minigin</Filter>
    </ClCompile>
    <ClCompile Include="Texture2D.cpp">
      <Filter>Engine\Minigin</Filter>
    </ClCompile>
    <ClCompile Include="Transform.cpp">
      <Filter>Engine\Minigin</Filter>
    </ClCompile>
    <ClCompile Include="ObjectComponent.cpp">
      <Filter>Engine\AlphaEngine\Components</Filter>
    </ClCompile>
    <ClCompile Include="Time.cpp">
      <Filter>Engine\AlphaEngine\Design Patterns</Filter>
    </ClCompile>
    <ClCompile Include="Singleton.cpp">
      <Filter>Engine\AlphaEngine\Design Patterns</Filter>
    </ClCompile>
    <ClCompile Include="ImageComponent.cpp">
      <Filter>Engine\AlphaEngine\Components</Filter>
    </ClCompile>
    <ClCompile Include="RigidBody2D.cpp">
      <Filter>Engine\AlphaEngine\Components</Filter>
    </ClCompile>
    <ClCompile Include="TagComponent.cpp">
      <Filter>Engine\AlphaEngine\Components</Filter>
    </ClCompile>
    <ClCompile Include="SpriteComponent.cpp">
      <Filter>Engine\AlphaEngine\Components</Filter>
    </ClCompile>
    <ClCompile Include="TextComponent.cpp">
      <Filter>Engine\AlphaEngine\Components</Filter>
    </ClCompile>
    <ClCompile Include="BoxCollider.cpp">
      <Filter>Engine\AlphaEngine\Components</Filter>
    </ClCompile>
    <ClCompile Include="BoxTrigger.cpp">
      <Filter>Engine\AlphaEngine\Components</Filter>
    </ClCompile>
    <ClCompile Include="LocalTransform.cpp">
      <Filter>Engine\AlphaEngine\Other Classes</Filter>
    </ClCompile>
    <ClCompile Include="CollisionData.cpp">
      <Filter>Engine\AlphaEngine\Other Classes</Filter>
    </ClCompile>
    <ClCompile Include="CollisionManager.cpp">
      <Filter>Engine\AlphaEngine\Design Patterns</Filter>
    </ClCompile>
    <ClCompile Include="StateMachineComponent.cpp">
      <Filter>Engine\AlphaEngine\Components</Filter>
    </ClCompile>
    <ClCompile Include="AnimatorComponent.cpp">
      <Filter>Engine\AlphaEngine\Components</Filter>
    </ClCompile>
    <ClCompile Include="Command.cpp">
      <Filter>Engine\AlphaEngine\Other Classes</Filter>
    </ClCompile>
    <ClCompile Include="Button.cpp">
      <Filter>Engine\AlphaEngine\Other Classes</Filter>
    </ClCompile>
    <ClCompile Include="Observer.cpp">
      <Filter>Engine\AlphaEngine\Design Patterns</Filter>
    </ClCompile>
    <ClCompile Include="AudioManager.cpp">
      <Filter>Engine\AlphaEngine\Other Classes</Filter>
    </ClCompile>
    <ClCompile Include="SoundEffect.cpp">
      <Filter>Engine\AlphaEngine\Other Classes</Filter>
    </ClCompile>
  </ItemGroup>
</Project>